
Microsoft Visual Studio Solution File, Format Version 12.00
# Visual Studio 15
VisualStudioVersion = 15.0.26403.3
MinimumVisualStudioVersion = 10.0.40219.1
Project("{FAE04EC0-301F-11D3-BF4B-00C04F79EFBC}") = "TeamSpark.AzureDay.WebSite.Host", "TeamSpark.AzureDay.WebSite.Host\TeamSpark.AzureDay.WebSite.Host.csproj", "{360FD399-F923-4DB7-961D-910A9FF96D77}"
EndProject
Project("{FAE04EC0-301F-11D3-BF4B-00C04F79EFBC}") = "TeamSpark.AzureDay.WebSite.Data", "TeamSpark.AzureDay.WebSite.Data\TeamSpark.AzureDay.WebSite.Data.csproj", "{161E6BB3-0647-4DE0-B474-B75E5F3C9913}"
EndProject
Project("{FAE04EC0-301F-11D3-BF4B-00C04F79EFBC}") = "TeamSpark.AzureDay.WebSite.Config", "TeamSpark.AzureDay.WebSite.Config\TeamSpark.AzureDay.WebSite.Config.csproj", "{4D1EE387-7F67-4771-8D7A-43B73106696D}"
EndProject
Project("{FAE04EC0-301F-11D3-BF4B-00C04F79EFBC}") = "TeamSpark.AzureDay.WebSite.App", "TeamSpark.AzureDay.WebSite.App\TeamSpark.AzureDay.WebSite.App.csproj", "{1AD440D3-D731-46CD-AA53-8AA5FCBFCFB4}"
EndProject
Project("{FAE04EC0-301F-11D3-BF4B-00C04F79EFBC}") = "TeamSpark.AzureDay.WebSite.CLI", "TeamSpark.AzureDay.WebSite.CLI\TeamSpark.AzureDay.WebSite.CLI.csproj", "{F4081BE2-E8B8-44E2-9109-4E36E22FB165}"
EndProject
Project("{FAE04EC0-301F-11D3-BF4B-00C04F79EFBC}") = "TeamSpark.AzureDay.WebSite.Notification", "TeamSpark.AzureDay.WebSite.Notification\TeamSpark.AzureDay.WebSite.Notification.csproj", "{CB86A71D-89F5-4851-8CCA-5E6592C1DCA8}"
EndProject
Project("{2150E333-8FDC-42A3-9474-1A3956D46DE8}") = "Solution Items", "Solution Items", "{26B0367C-3EFE-4849-8A4B-E6ED4F2B5124}"
	ProjectSection(SolutionItems) = preProject
		LICENSE = LICENSE
		README.md = README.md
	EndProjectSection
EndProject
Project("{2150E333-8FDC-42A3-9474-1A3956D46DE8}") = "Deploy", "Deploy", "{FD8F500C-FC4A-4BF9-BFDC-64D75BF64C77}"
	ProjectSection(SolutionItems) = preProject
		.deployment = .deployment
		deploy.cmd = deploy.cmd
	EndProjectSection
EndProject
Project("{151D2E53-A2C4-4D7D-83FE-D05416EBD58E}") = "TeamSpark.AzureDay.WebSite.ResourceGroup", "TeamSpark.AzureDay.WebSite.ResourceGroup\TeamSpark.AzureDay.WebSite.ResourceGroup.deployproj", "{B7CAA1D7-6B28-4D35-9224-58F7A569648B}"
EndProject
Project("{FAE04EC0-301F-11D3-BF4B-00C04F79EFBC}") = "TeamSpark.AzureDay.WebSite.Localization", "TeamSpark.AzureDay.WebSite.Localization\TeamSpark.AzureDay.WebSite.Localization.csproj", "{F4505160-E810-4927-9BF8-BD27D54735CF}"
EndProject
Project("{FAE04EC0-301F-11D3-BF4B-00C04F79EFBC}") = "Kaznachey.KaznacheyPayment", "KaznacheyPayment2017\Kaznachey.KaznacheyPayment.csproj", "{4046E6C4-B151-47C9-9076-16E13F0CEC14}"
EndProject
Global
	GlobalSection(SolutionConfigurationPlatforms) = preSolution
		Debug|Any CPU = Debug|Any CPU
		Release|Any CPU = Release|Any CPU
	EndGlobalSection
	GlobalSection(ProjectConfigurationPlatforms) = postSolution
		{360FD399-F923-4DB7-961D-910A9FF96D77}.Debug|Any CPU.ActiveCfg = Debug|Any CPU
		{360FD399-F923-4DB7-961D-910A9FF96D77}.Debug|Any CPU.Build.0 = Debug|Any CPU
		{360FD399-F923-4DB7-961D-910A9FF96D77}.Release|Any CPU.ActiveCfg = Release|Any CPU
		{360FD399-F923-4DB7-961D-910A9FF96D77}.Release|Any CPU.Build.0 = Release|Any CPU
		{161E6BB3-0647-4DE0-B474-B75E5F3C9913}.Debug|Any CPU.ActiveCfg = Debug|Any CPU
		{161E6BB3-0647-4DE0-B474-B75E5F3C9913}.Debug|Any CPU.Build.0 = Debug|Any CPU
		{161E6BB3-0647-4DE0-B474-B75E5F3C9913}.Release|Any CPU.ActiveCfg = Release|Any CPU
		{161E6BB3-0647-4DE0-B474-B75E5F3C9913}.Release|Any CPU.Build.0 = Release|Any CPU
		{4D1EE387-7F67-4771-8D7A-43B73106696D}.Debug|Any CPU.ActiveCfg = Debug|Any CPU
		{4D1EE387-7F67-4771-8D7A-43B73106696D}.Debug|Any CPU.Build.0 = Debug|Any CPU
		{4D1EE387-7F67-4771-8D7A-43B73106696D}.Release|Any CPU.ActiveCfg = Release|Any CPU
		{4D1EE387-7F67-4771-8D7A-43B73106696D}.Release|Any CPU.Build.0 = Release|Any CPU
		{1AD440D3-D731-46CD-AA53-8AA5FCBFCFB4}.Debug|Any CPU.ActiveCfg = Debug|Any CPU
		{1AD440D3-D731-46CD-AA53-8AA5FCBFCFB4}.Debug|Any CPU.Build.0 = Debug|Any CPU
		{1AD440D3-D731-46CD-AA53-8AA5FCBFCFB4}.Release|Any CPU.ActiveCfg = Release|Any CPU
		{1AD440D3-D731-46CD-AA53-8AA5FCBFCFB4}.Release|Any CPU.Build.0 = Release|Any CPU
		{F4081BE2-E8B8-44E2-9109-4E36E22FB165}.Debug|Any CPU.ActiveCfg = Debug|Any CPU
		{F4081BE2-E8B8-44E2-9109-4E36E22FB165}.Debug|Any CPU.Build.0 = Debug|Any CPU
		{F4081BE2-E8B8-44E2-9109-4E36E22FB165}.Release|Any CPU.ActiveCfg = Release|Any CPU
		{F4081BE2-E8B8-44E2-9109-4E36E22FB165}.Release|Any CPU.Build.0 = Release|Any CPU
		{CB86A71D-89F5-4851-8CCA-5E6592C1DCA8}.Debug|Any CPU.ActiveCfg = Debug|Any CPU
		{CB86A71D-89F5-4851-8CCA-5E6592C1DCA8}.Debug|Any CPU.Build.0 = Debug|Any CPU
		{CB86A71D-89F5-4851-8CCA-5E6592C1DCA8}.Release|Any CPU.ActiveCfg = Release|Any CPU
		{CB86A71D-89F5-4851-8CCA-5E6592C1DCA8}.Release|Any CPU.Build.0 = Release|Any CPU
		{B7CAA1D7-6B28-4D35-9224-58F7A569648B}.Debug|Any CPU.ActiveCfg = Debug|Any CPU
		{B7CAA1D7-6B28-4D35-9224-58F7A569648B}.Debug|Any CPU.Build.0 = Debug|Any CPU
		{B7CAA1D7-6B28-4D35-9224-58F7A569648B}.Release|Any CPU.ActiveCfg = Release|Any CPU
		{B7CAA1D7-6B28-4D35-9224-58F7A569648B}.Release|Any CPU.Build.0 = Release|Any CPU
		{F4505160-E810-4927-9BF8-BD27D54735CF}.Debug|Any CPU.ActiveCfg = Debug|Any CPU
		{F4505160-E810-4927-9BF8-BD27D54735CF}.Debug|Any CPU.Build.0 = Debug|Any CPU
		{F4505160-E810-4927-9BF8-BD27D54735CF}.Release|Any CPU.ActiveCfg = Release|Any CPU
		{F4505160-E810-4927-9BF8-BD27D54735CF}.Release|Any CPU.Build.0 = Release|Any CPU
		{4046E6C4-B151-47C9-9076-16E13F0CEC14}.Debug|Any CPU.ActiveCfg = Debug|Any CPU
		{4046E6C4-B151-47C9-9076-16E13F0CEC14}.Debug|Any CPU.Build.0 = Debug|Any CPU
		{4046E6C4-B151-47C9-9076-16E13F0CEC14}.Release|Any CPU.ActiveCfg = Release|Any CPU
		{4046E6C4-B151-47C9-9076-16E13F0CEC14}.Release|Any CPU.Build.0 = Release|Any CPU
	EndGlobalSection
	GlobalSection(SolutionProperties) = preSolution
		HideSolutionNode = FALSE
	EndGlobalSection
EndGlobal
